
Microsoft Visual Studio Solution File, Format Version 12.00
# Visual Studio Version 17
VisualStudioVersion = 17.14.37012.4 d17.14
MinimumVisualStudioVersion = 10.0.40219.1
Project("{FAE04EC0-301F-11D3-BF4B-00C04F79EFBC}") = "tambasova_pr1", "tambasova_pr1\tambasova_pr1.csproj", "{B7CFE6FB-904D-4640-A2B5-00B319CE5CEF}"
EndProject
Project("{FAE04EC0-301F-11D3-BF4B-00C04F79EFBC}") = "tambasova_pr1_tests", "tambasova_pr1_tests\tambasova_pr1_tests.csproj", "{952DC1B7-00A6-428E-A4DC-5358A6119840}"
EndProject
Global
	GlobalSection(SolutionConfigurationPlatforms) = preSolution
		Debug|Any CPU = Debug|Any CPU
		Release|Any CPU = Release|Any CPU
	EndGlobalSection
	GlobalSection(ProjectConfigurationPlatforms) = postSolution
		{B7CFE6FB-904D-4640-A2B5-00B319CE5CEF}.Debug|Any CPU.ActiveCfg = Debug|Any CPU
		{B7CFE6FB-904D-4640-A2B5-00B319CE5CEF}.Debug|Any CPU.Build.0 = Debug|Any CPU
		{B7CFE6FB-904D-4640-A2B5-00B319CE5CEF}.Release|Any CPU.ActiveCfg = Release|Any CPU
		{B7CFE6FB-904D-4640-A2B5-00B319CE5CEF}.Release|Any CPU.Build.0 = Release|Any CPU
		{952DC1B7-00A6-428E-A4DC-5358A6119840}.Debug|Any CPU.ActiveCfg = Debug|Any CPU
		{952DC1B7-00A6-428E-A4DC-5358A6119840}.Debug|Any CPU.Build.0 = Debug|Any CPU
		{952DC1B7-00A6-428E-A4DC-5358A6119840}.Release|Any CPU.ActiveCfg = Release|Any CPU
		{952DC1B7-00A6-428E-A4DC-5358A6119840}.Release|Any CPU.Build.0 = Release|Any CPU
	EndGlobalSection
	GlobalSection(SolutionProperties) = preSolution
		HideSolutionNode = FALSE
	EndGlobalSection
	GlobalSection(ExtensibilityGlobals) = postSolution
		SolutionGuid = {67D05F82-4559-41C4-82AC-3EB7A6316E48}
	EndGlobalSection
EndGlobal
